
Microsoft Visual Studio Solution File, Format Version 12.00
# Visual Studio 15
VisualStudioVersion = 15.0.27130.2036
MinimumVisualStudioVersion = 10.0.40219.1
Project("{FAE04EC0-301F-11D3-BF4B-00C04F79EFBC}") = "ProsteAlgorytymyGraficzne", "ProsteAlgorytymyGraficzne\ProsteAlgorytymyGraficzne.csproj", "{725AC3A9-832B-474E-B54A-354DF2381DCA}"
EndProject
Global
	GlobalSection(SolutionConfigurationPlatforms) = preSolution
		Debug|Any CPU = Debug|Any CPU
		Release|Any CPU = Release|Any CPU
	EndGlobalSection
	GlobalSection(ProjectConfigurationPlatforms) = postSolution
		{725AC3A9-832B-474E-B54A-354DF2381DCA}.Debug|Any CPU.ActiveCfg = Debug|Any CPU
		{725AC3A9-832B-474E-B54A-354DF2381DCA}.Debug|Any CPU.Build.0 = Debug|Any CPU
		{725AC3A9-832B-474E-B54A-354DF2381DCA}.Release|Any CPU.ActiveCfg = Release|Any CPU
		{725AC3A9-832B-474E-B54A-354DF2381DCA}.Release|Any CPU.Build.0 = Release|Any CPU
	EndGlobalSection
	GlobalSection(SolutionProperties) = preSolution
		HideSolutionNode = FALSE
	EndGlobalSection
	GlobalSection(ExtensibilityGlobals) = postSolution
		SolutionGuid = {E709AE29-5D24-48A1-BC47-C26603C8EC5D}
	EndGlobalSection
EndGlobal
